{
    "name": "app-service-hello-world",
    "version": "0.0.1",
    "lockfileVersion": 1,
    "requires": true,
    "dependencies": {
        "ua-parser-js": {
            "version": "0.7.20",
            "resolved": "https://bahnhub.tech.rz.db.de:443/artifactory/api/npm/default-npm-3rdparty/ua-parser-js/-/ua-parser-js-0.7.20.tgz",
            "integrity": "sha1-dScXi4L2pioPJD0flP0w4+PCEJg="
        }
    }
}
