{
    "name": "app-service-hello-world",
    "version": "0.0.1",
    "lockfileVersion": 1,
    "requires": true,
    "dependencies": {
        "apache-crypt": {
            "version": "1.2.1",
            "resolved": "https://bahnhub.tech.rz.db.de:443/artifactory/api/npm/default-npm-3rdparty/apache-crypt/-/apache-crypt-1.2.1.tgz",
            "integrity": "sha1-1vxyqm0n2ZyVqU/RiNcx7v/6Zjw=",
            "requires": {
                "unix-crypt-td-js": "^1.0.0"
            }
        },
        "apache-md5": {
            "version": "1.1.2",
            "resolved": "https://bahnhub.tech.rz.db.de:443/artifactory/api/npm/default-npm-3rdparty/apache-md5/-/apache-md5-1.1.2.tgz",
            "integrity": "sha1-7klza2ObTxCLbp5ibG2pkwa0FpI="
        },
        "async": {
            "version": "2.6.3",
            "resolved": "https://bahnhub.tech.rz.db.de:443/artifactory/api/npm/default-npm-3rdparty/async/-/async-2.6.3.tgz",
            "integrity": "sha1-1yYl4jRKNlbjo61Pp0n6gymdgv8=",
            "requires": {
                "lodash": "^4.17.14"
            }
        },
        "balanced-match": {
            "version": "1.0.0",
            "resolved": "https://bahnhub.tech.rz.db.de:443/artifactory/api/npm/default-npm-3rdparty/balanced-match/-/balanced-match-1.0.0.tgz",
            "integrity": "sha1-ibTRmasr7kneFk6gK4nORi1xt2c="
        },
        "bcryptjs": {
            "version": "2.4.3",
            "resolved": "https://bahnhub.tech.rz.db.de:443/artifactory/api/npm/default-npm-3rdparty/bcryptjs/-/bcryptjs-2.4.3.tgz",
            "integrity": "sha1-mrVie5PmBiH/fNrF2pczAn3x0Ms="
        },
        "brace-expansion": {
            "version": "1.1.11",
            "resolved": "https://bahnhub.tech.rz.db.de:443/artifactory/api/npm/default-npm-3rdparty/brace-expansion/-/brace-expansion-1.1.11.tgz",
            "integrity": "sha1-PH/L9SnYcibz0vUrlm/1Jx60Qd0=",
            "requires": {
                "balanced-match": "^1.0.0",
                "concat-map": "0.0.1"
            }
        },
        "buffer-crc32": {
            "version": "0.2.13",
            "resolved": "https://bahnhub.tech.rz.db.de:443/artifactory/api/npm/default-npm-3rdparty/buffer-crc32/-/buffer-crc32-0.2.13.tgz",
            "integrity": "sha1-DTM+PwDqxQqhRUq9MO+MKl2ackI="
        },
        "buffer-writer": {
            "version": "2.0.0",
            "resolved": "https://bahnhub.tech.rz.db.de:443/artifactory/api/npm/default-npm-3rdparty/buffer-writer/-/buffer-writer-2.0.0.tgz",
            "integrity": "sha1-zn64Gjj3gp2wnIc/L7t5LAyY7AQ="
        },
        "colors": {
            "version": "1.3.3",
            "resolved": "https://bahnhub.tech.rz.db.de:443/artifactory/api/npm/default-npm-3rdparty/colors/-/colors-1.3.3.tgz",
            "integrity": "sha1-OeAF1Uav4B4B+cTKj6UPaGoBIF0="
        },
        "concat-map": {
            "version": "0.0.1",
            "resolved": "https://bahnhub.tech.rz.db.de:443/artifactory/api/npm/default-npm-3rdparty/concat-map/-/concat-map-0.0.1.tgz",
            "integrity": "sha1-2Klr13/Wjfd5OnMDajug1UBdR3s="
        },
        "fd-slicer": {
            "version": "1.1.0",
            "resolved": "https://bahnhub.tech.rz.db.de:443/artifactory/api/npm/default-npm-3rdparty/fd-slicer/-/fd-slicer-1.1.0.tgz",
            "integrity": "sha1-JcfInLH5B3+IkbvmHY85Dq4lbx4=",
            "requires": {
                "pend": "~1.2.0"
            }
        },
        "fs.realpath": {
            "version": "1.0.0",
            "resolved": "https://bahnhub.tech.rz.db.de:443/artifactory/api/npm/default-npm-3rdparty/fs.realpath/-/fs.realpath-1.0.0.tgz",
            "integrity": "sha1-FQStJSMVjKpA20onh8sBQRmU6k8="
        },
        "geoip-country": {
            "version": "3.2.3",
            "resolved": "https://bahnhub.tech.rz.db.de:443/artifactory/api/npm/default-npm-3rdparty/geoip-country/-/geoip-country-3.2.3.tgz",
            "integrity": "sha1-FaUAn+pSVodKYcaWFBdAW8UErSs=",
            "requires": {
                "async": "^2.1.1",
                "colors": "^1.1.2",
                "glob": "^7.1.1",
                "iconv-lite": "^0.4.13",
                "ip-address": "^5.8.9",
                "lazy": "^1.0.11",
                "rimraf": "^2.5.2",
                "yauzl": "^2.9.2"
            }
        },
        "glob": {
            "version": "7.1.4",
            "resolved": "https://bahnhub.tech.rz.db.de:443/artifactory/api/npm/default-npm-3rdparty/glob/-/glob-7.1.4.tgz",
            "integrity": "sha1-qmCKL2xXetNX4a5aXCbZqNGWklU=",
            "requires": {
                "fs.realpath": "^1.0.0",
                "inflight": "^1.0.4",
                "inherits": "2",
                "minimatch": "^3.0.4",
                "once": "^1.3.0",
                "path-is-absolute": "^1.0.0"
            }
        },
        "http-auth": {
            "version": "3.2.3",
            "resolved": "https://bahnhub.tech.rz.db.de:443/artifactory/api/npm/default-npm-3rdparty/http-auth/-/http-auth-3.2.3.tgz",
            "integrity": "sha1-Y2hCtx1uHyyY26Ca9UQXof74thw=",
            "requires": {
                "apache-crypt": "^1.1.2",
                "apache-md5": "^1.0.6",
                "bcryptjs": "^2.3.0",
                "uuid": "^3.0.0"
            }
        },
        "iconv-lite": {
            "version": "0.4.24",
            "resolved": "https://bahnhub.tech.rz.db.de:443/artifactory/api/npm/default-npm-3rdparty/iconv-lite/-/iconv-lite-0.4.24.tgz",
            "integrity": "sha1-ICK0sl+93CHS9SSXSkdKr+czkIs=",
            "requires": {
                "safer-buffer": ">= 2.1.2 < 3"
            }
        },
        "inflight": {
            "version": "1.0.6",
            "resolved": "https://bahnhub.tech.rz.db.de:443/artifactory/api/npm/default-npm-3rdparty/inflight/-/inflight-1.0.6.tgz",
            "integrity": "sha1-Sb1jMdfQLQwJvJEKEHW6gWW1bfk=",
            "requires": {
                "once": "^1.3.0",
                "wrappy": "1"
            }
        },
        "inherits": {
            "version": "2.0.4",
            "resolved": "https://bahnhub.tech.rz.db.de:443/artifactory/api/npm/default-npm-3rdparty/inherits/-/inherits-2.0.4.tgz",
            "integrity": "sha1-D6LGT5MpF8NDOg3tVTY6rjdBa3w="
        },
        "ip-address": {
            "version": "5.9.4",
            "resolved": "https://bahnhub.tech.rz.db.de:443/artifactory/api/npm/default-npm-3rdparty/ip-address/-/ip-address-5.9.4.tgz",
            "integrity": "sha1-RmCsJhrWG9OXqGCgB/fpjk6u44Y=",
            "requires": {
                "jsbn": "1.1.0",
                "lodash": "^4.17.15",
                "sprintf-js": "1.1.2"
            }
        },
        "is_js": {
            "version": "0.9.0",
            "resolved": "https://bahnhub.tech.rz.db.de:443/artifactory/api/npm/default-npm-3rdparty/is_js/-/is_js-0.9.0.tgz",
            "integrity": "sha1-CrlFQFArp6+iTIVqqYVWFmnpxS0="
        },
        "jsbn": {
            "version": "1.1.0",
            "resolved": "https://bahnhub.tech.rz.db.de:443/artifactory/api/npm/default-npm-3rdparty/jsbn/-/jsbn-1.1.0.tgz",
            "integrity": "sha1-sBMHyym2GKHtJux56RH4A8TaAEA="
        },
        "lazy": {
            "version": "1.0.11",
            "resolved": "https://bahnhub.tech.rz.db.de:443/artifactory/api/npm/default-npm-3rdparty/lazy/-/lazy-1.0.11.tgz",
            "integrity": "sha1-2qBoIGKCVCwIgojpdcKXwa53tpA="
        },
        "lodash": {
            "version": "4.17.21",
            "resolved": "https://registry.npmjs.org/lodash/-/lodash-4.17.21.tgz",
            "integrity": "sha512-v2kDEe57lecTulaDIuNTPy3Ry4gLGJ6Z1O3vE1krgXZNrsQ+LFTGHVxVjcXPs17LhbZVGedAJv8XZ1tvj5FvSg=="
        },
        "minimatch": {
            "version": "3.0.4",
            "resolved": "https://bahnhub.tech.rz.db.de:443/artifactory/api/npm/default-npm-3rdparty/minimatch/-/minimatch-3.0.4.tgz",
            "integrity": "sha1-UWbihkV/AzBgZL5Ul+jbsMPTIIM=",
            "requires": {
                "brace-expansion": "^1.1.7"
            }
        },
        "once": {
            "version": "1.4.0",
            "resolved": "https://bahnhub.tech.rz.db.de:443/artifactory/api/npm/default-npm-3rdparty/once/-/once-1.4.0.tgz",
            "integrity": "sha1-WDsap3WWHUsROsF9nFC6753Xa9E=",
            "requires": {
                "wrappy": "1"
            }
        },
        "packet-reader": {
            "version": "1.0.0",
            "resolved": "https://bahnhub.tech.rz.db.de:443/artifactory/api/npm/default-npm-3rdparty/packet-reader/-/packet-reader-1.0.0.tgz",
            "integrity": "sha1-kjjlSA3tq6z+H+PydxBj8WQVfXQ="
        },
        "path-is-absolute": {
            "version": "1.0.1",
            "resolved": "https://bahnhub.tech.rz.db.de:443/artifactory/api/npm/default-npm-3rdparty/path-is-absolute/-/path-is-absolute-1.0.1.tgz",
            "integrity": "sha1-F0uSaHNVNP+8es5r9TpanhtcX18="
        },
        "pend": {
            "version": "1.2.0",
            "resolved": "https://bahnhub.tech.rz.db.de:443/artifactory/api/npm/default-npm-3rdparty/pend/-/pend-1.2.0.tgz",
            "integrity": "sha1-elfrVQpng/kRUzH89GY9XI4AelA="
        },
        "pg": {
            "version": "7.12.0",
            "resolved": "https://bahnhub.tech.rz.db.de:443/artifactory/api/npm/default-npm-3rdparty/pg/-/pg-7.12.0.tgz",
            "integrity": "sha1-4biDr+FKyw21g4XCC7cjbH4K71Y=",
            "requires": {
                "buffer-writer": "2.0.0",
                "packet-reader": "1.0.0",
                "pg-connection-string": "0.1.3",
                "pg-pool": "^2.0.4",
                "pg-types": "~2.0.0",
                "pgpass": "1.x",
                "semver": "4.3.2"
            }
        },
        "pg-connection-string": {
            "version": "0.1.3",
            "resolved": "https://bahnhub.tech.rz.db.de:443/artifactory/api/npm/default-npm-3rdparty/pg-connection-string/-/pg-connection-string-0.1.3.tgz",
            "integrity": "sha1-2hhHsglA5C7hSSvq9l1J2RskXfc="
        },
        "pg-int8": {
            "version": "1.0.1",
            "resolved": "https://bahnhub.tech.rz.db.de:443/artifactory/api/npm/default-npm-3rdparty/pg-int8/-/pg-int8-1.0.1.tgz",
            "integrity": "sha1-lDvUY79bcbQXARX4D478mgwOt4w="
        },
        "pg-pool": {
            "version": "2.0.7",
            "resolved": "https://bahnhub.tech.rz.db.de:443/artifactory/api/npm/default-npm-3rdparty/pg-pool/-/pg-pool-2.0.7.tgz",
            "integrity": "sha1-8U7KuDUHlBBiwxPfI/atzZ/QzlQ="
        },
        "pg-types": {
            "version": "2.0.1",
            "resolved": "https://bahnhub.tech.rz.db.de:443/artifactory/api/npm/default-npm-3rdparty/pg-types/-/pg-types-2.0.1.tgz",
            "integrity": "sha1-uFhaN/Kpx7OGdH5EV0eZVJ5fSTM=",
            "requires": {
                "pg-int8": "1.0.1",
                "postgres-array": "~2.0.0",
                "postgres-bytea": "~1.0.0",
                "postgres-date": "~1.0.4",
                "postgres-interval": "^1.1.0"
            }
        },
        "pgpass": {
            "version": "1.0.2",
            "resolved": "https://bahnhub.tech.rz.db.de:443/artifactory/api/npm/default-npm-3rdparty/pgpass/-/pgpass-1.0.2.tgz",
            "integrity": "sha1-Knu0G2BltnkH6R2hsHwYR8h3swY=",
            "requires": {
                "split": "^1.0.0"
            }
        },
        "postgres-array": {
            "version": "2.0.0",
            "resolved": "https://bahnhub.tech.rz.db.de:443/artifactory/api/npm/default-npm-3rdparty/postgres-array/-/postgres-array-2.0.0.tgz",
            "integrity": "sha1-SPj84FT7xpZxmZMpuINLdyZS2C4="
        },
        "postgres-bytea": {
            "version": "1.0.0",
            "resolved": "https://bahnhub.tech.rz.db.de:443/artifactory/api/npm/default-npm-3rdparty/postgres-bytea/-/postgres-bytea-1.0.0.tgz",
            "integrity": "sha1-AntTPAqokOJtFy1Hz5zOzFIazTU="
        },
        "postgres-date": {
            "version": "1.0.4",
            "resolved": "https://bahnhub.tech.rz.db.de:443/artifactory/api/npm/default-npm-3rdparty/postgres-date/-/postgres-date-1.0.4.tgz",
            "integrity": "sha1-HCco1i7xv/SavdNcH4bUvfEYpyg="
        },
        "postgres-interval": {
            "version": "1.2.0",
            "resolved": "https://bahnhub.tech.rz.db.de:443/artifactory/api/npm/default-npm-3rdparty/postgres-interval/-/postgres-interval-1.2.0.tgz",
            "integrity": "sha1-tGDILLFYdQd4iBmgaqD//bNURpU=",
            "requires": {
                "xtend": "^4.0.0"
            }
        },
        "request-country": {
            "version": "0.1.4",
            "resolved": "https://bahnhub.tech.rz.db.de:443/artifactory/api/npm/default-npm-3rdparty/request-country/-/request-country-0.1.4.tgz",
            "integrity": "sha1-RbTXc0ELBklq7mSkFtfrNKz9J0U=",
            "requires": {
                "geoip-country": "^3.1.10",
                "request-ip": "^2.1.1"
            }
        },
        "request-ip": {
            "version": "2.1.3",
            "resolved": "https://bahnhub.tech.rz.db.de:443/artifactory/api/npm/default-npm-3rdparty/request-ip/-/request-ip-2.1.3.tgz",
            "integrity": "sha1-masrr96vIAJibigIPLEFl1EdnhQ=",
            "requires": {
                "is_js": "^0.9.0"
            }
        },
        "rimraf": {
            "version": "2.7.1",
            "resolved": "https://bahnhub.tech.rz.db.de:443/artifactory/api/npm/default-npm-3rdparty/rimraf/-/rimraf-2.7.1.tgz",
            "integrity": "sha1-NXl/E6f9rcVmFCwp1PB8ytSD4+w=",
            "requires": {
                "glob": "^7.1.3"
            }
        },
        "safer-buffer": {
            "version": "2.1.2",
            "resolved": "https://bahnhub.tech.rz.db.de:443/artifactory/api/npm/default-npm-3rdparty/safer-buffer/-/safer-buffer-2.1.2.tgz",
            "integrity": "sha1-RPoWGwGHuVSd2Eu5GAL5vYOFzWo="
        },
        "semver": {
            "version": "4.3.2",
            "resolved": "https://bahnhub.tech.rz.db.de:443/artifactory/api/npm/default-npm-3rdparty/semver/-/semver-4.3.2.tgz",
            "integrity": "sha1-x6BxWKgL7dBSNVt3DYLWZA+AO+c="
        },
        "split": {
            "version": "1.0.1",
            "resolved": "https://bahnhub.tech.rz.db.de:443/artifactory/api/npm/default-npm-3rdparty/split/-/split-1.0.1.tgz",
            "integrity": "sha1-YFvZvjA6pZ+zX5Ip++oN3snqB9k=",
            "requires": {
                "through": "2"
            }
        },
        "sprintf-js": {
            "version": "1.1.2",
            "resolved": "https://bahnhub.tech.rz.db.de:443/artifactory/api/npm/default-npm-3rdparty/sprintf-js/-/sprintf-js-1.1.2.tgz",
            "integrity": "sha1-2hdlJiv4wPVxdJ8q1sJjACB65nM="
        },
        "through": {
            "version": "2.3.8",
            "resolved": "https://bahnhub.tech.rz.db.de:443/artifactory/api/npm/default-npm-3rdparty/through/-/through-2.3.8.tgz",
            "integrity": "sha1-DdTJ/6q8NXlgsbckEV1+Doai4fU="
        },
        "ua-parser-js": {
            "version": "0.7.20",
            "resolved": "https://bahnhub.tech.rz.db.de:443/artifactory/api/npm/default-npm-3rdparty/ua-parser-js/-/ua-parser-js-0.7.20.tgz",
            "integrity": "sha1-dScXi4L2pioPJD0flP0w4+PCEJg="
        },
        "unix-crypt-td-js": {
            "version": "1.0.0",
            "resolved": "https://bahnhub.tech.rz.db.de:443/artifactory/api/npm/default-npm-3rdparty/unix-crypt-td-js/-/unix-crypt-td-js-1.0.0.tgz",
            "integrity": "sha1-HAgkFQSBvHoB1J6Y8exmjYJBLzs="
        },
        "uuid": {
            "version": "3.3.2",
            "resolved": "https://bahnhub.tech.rz.db.de:443/artifactory/api/npm/default-npm-3rdparty/uuid/-/uuid-3.3.2.tgz",
            "integrity": "sha1-G0r0lV6zB3xQHCOHL8ZROBFYcTE="
        },
        "wrappy": {
            "version": "1.0.2",
            "resolved": "https://bahnhub.tech.rz.db.de:443/artifactory/api/npm/default-npm-3rdparty/wrappy/-/wrappy-1.0.2.tgz",
            "integrity": "sha1-tSQ9jz7BqjXxNkYFvA0QNuMKtp8="
        },
        "xtend": {
            "version": "4.0.2",
            "resolved": "https://bahnhub.tech.rz.db.de:443/artifactory/api/npm/default-npm-3rdparty/xtend/-/xtend-4.0.2.tgz",
            "integrity": "sha1-u3J3n1+kZRhrH0OPZ0+jR/2121Q="
        },
        "yauzl": {
            "version": "2.10.0",
            "resolved": "https://bahnhub.tech.rz.db.de:443/artifactory/api/npm/default-npm-3rdparty/yauzl/-/yauzl-2.10.0.tgz",
            "integrity": "sha1-x+sXyT4RLLEIb6bY5R+wZnt5pfk=",
            "requires": {
                "buffer-crc32": "~0.2.3",
                "fd-slicer": "~1.1.0"
            }
        }
    }
}
